// !$*UTF8*$!
{
	archiveVersion = 1;
	classes = {
	};
	objectVersion = 56;
	objects = {

/* Begin PBXBuildFile section */
		B3DDBD972B5E3D4D00782608 /* Timetonics_BookApp.swift in Sources */ = {isa = PBXBuildFile; fileRef = B3DDBD962B5E3D4D00782608 /* Timetonics_BookApp.swift */; };
		B3DDBD992B5E3D4D00782608 /* ContentView.swift in Sources */ = {isa = PBXBuildFile; fileRef = B3DDBD982B5E3D4D00782608 /* ContentView.swift */; };
		B3DDBD9B2B5E3D4F00782608 /* Assets.xcassets in Resources */ = {isa = PBXBuildFile; fileRef = B3DDBD9A2B5E3D4F00782608 /* Assets.xcassets */; };
		B3DDBD9E2B5E3D4F00782608 /* Preview Assets.xcassets in Resources */ = {isa = PBXBuildFile; fileRef = B3DDBD9D2B5E3D4F00782608 /* Preview Assets.xcassets */; };
		B3DDBDA82B5E41AF00782608 /* LoginView.swift in Sources */ = {isa = PBXBuildFile; fileRef = B3DDBDA72B5E41AF00782608 /* LoginView.swift */; };
		B3DDBDAB2B5E444100782608 /* Datasource.swift in Sources */ = {isa = PBXBuildFile; fileRef = B3DDBDAA2B5E444100782608 /* Datasource.swift */; };
/* End PBXBuildFile section */

/* Begin PBXFileReference section */
		B3DDBD932B5E3D4D00782608 /* Timetonics Book.app */ = {isa = PBXFileReference; explicitFileType = wrapper.application; includeInIndex = 0; path = "Timetonics Book.app"; sourceTree = BUILT_PRODUCTS_DIR; };
		B3DDBD962B5E3D4D00782608 /* Timetonics_BookApp.swift */ = {isa = PBXFileReference; lastKnownFileType = sourcecode.swift; path = Timetonics_BookApp.swift; sourceTree = "<group>"; };
		B3DDBD982B5E3D4D00782608 /* ContentView.swift */ = {isa = PBXFileReference; lastKnownFileType = sourcecode.swift; path = ContentView.swift; sourceTree = "<group>"; };
		B3DDBD9A2B5E3D4F00782608 /* Assets.xcassets */ = {isa = PBXFileReference; lastKnownFileType = folder.assetcatalog; path = Assets.xcassets; sourceTree = "<group>"; };
		B3DDBD9D2B5E3D4F00782608 /* Preview Assets.xcassets */ = {isa = PBXFileReference; lastKnownFileType = folder.assetcatalog; path = "Preview Assets.xcassets"; sourceTree = "<group>"; };
		B3DDBDA72B5E41AF00782608 /* LoginView.swift */ = {isa = PBXFileReference; lastKnownFileType = sourcecode.swift; path = LoginView.swift; sourceTree = "<group>"; };
		B3DDBDAA2B5E444100782608 /* Datasource.swift */ = {isa = PBXFileReference; lastKnownFileType = sourcecode.swift; path = Datasource.swift; sourceTree = "<group>"; };
/* End PBXFileReference section */

/* Begin PBXFrameworksBuildPhase section */
		B3DDBD902B5E3D4D00782608 /* Frameworks */ = {
			isa = PBXFrameworksBuildPhase;
			buildActionMask = 2147483647;
			files = (
			);
			runOnlyForDeploymentPostprocessing = 0;
		};
/* End PBXFrameworksBuildPhase section */

/* Begin PBXGroup section */
		B3DDBD8A2B5E3D4D00782608 = {
			isa = PBXGroup;
			children = (
				B3DDBD952B5E3D4D00782608 /* Timetonics Book */,
				B3DDBD942B5E3D4D00782608 /* Products */,
			);
			sourceTree = "<group>";
		};
		B3DDBD942B5E3D4D00782608 /* Products */ = {
			isa = PBXGroup;
			children = (
				B3DDBD932B5E3D4D00782608 /* Timetonics Book.app */,
			);
			name = Products;
			sourceTree = "<group>";
		};
		B3DDBD952B5E3D4D00782608 /* Timetonics Book */ = {
			isa = PBXGroup;
			children = (
				B3DDBDAF2B5E51CE00782608 /* services */,
				B3DDBDA92B5E442A00782608 /* Datasource */,
				B3DDBDA62B5E3FD500782608 /* viewmodel */,
				B3DDBDA52B5E3FD000782608 /* model */,
				B3DDBDA42B5E3FCB00782608 /* view */,
				B3DDBD962B5E3D4D00782608 /* Timetonics_BookApp.swift */,
				B3DDBD9A2B5E3D4F00782608 /* Assets.xcassets */,
				B3DDBD9C2B5E3D4F00782608 /* Preview Content */,
			);
			path = "Timetonics Book";
			sourceTree = "<group>";
		};
		B3DDBD9C2B5E3D4F00782608 /* Preview Content */ = {
			isa = PBXGroup;
			children = (
				B3DDBD9D2B5E3D4F00782608 /* Preview Assets.xcassets */,
			);
			path = "Preview Content";
			sourceTree = "<group>";
		};
		B3DDBDA42B5E3FCB00782608 /* view */ = {
			isa = PBXGroup;
			children = (
				B3DDBDAC2B5E4F4A00782608 /* login */,
				B3DDBD982B5E3D4D00782608 /* ContentView.swift */,
			);
			path = view;
			sourceTree = "<group>";
		};
		B3DDBDA52B5E3FD000782608 /* model */ = {
			isa = PBXGroup;
			children = (
			);
			path = model;
			sourceTree = "<group>";
		};
		B3DDBDA62B5E3FD500782608 /* viewmodel */ = {
			isa = PBXGroup;
			children = (
			);
			path = viewmodel;
			sourceTree = "<group>";
		};
		B3DDBDA92B5E442A00782608 /* Datasource */ = {
			isa = PBXGroup;
			children = (
				B3DDBDAA2B5E444100782608 /* Datasource.swift */,
			);
			path = Datasource;
			sourceTree = "<group>";
		};
		B3DDBDAC2B5E4F4A00782608 /* login */ = {
			isa = PBXGroup;
			children = (
				B3DDBDA72B5E41AF00782608 /* LoginView.swift */,
			);
			path = login;
			sourceTree = "<group>";
		};
		B3DDBDAF2B5E51CE00782608 /* services */ = {
			isa = PBXGroup;
			children = (
			);
			path = services;
			sourceTree = "<group>";
		};
/* End PBXGroup section */

/* Begin PBXNativeTarget section */
		B3DDBD922B5E3D4D00782608 /* Timetonics Book */ = {
			isa = PBXNativeTarget;
			buildConfigurationList = B3DDBDA12B5E3D4F00782608 /* Build configuration list for PBXNativeTarget "Timetonics Book" */;
			buildPhases = (
				B3DDBD8F2B5E3D4D00782608 /* Sources */,
				B3DDBD902B5E3D4D00782608 /* Frameworks */,
				B3DDBD912B5E3D4D00782608 /* Resources */,
			);
			buildRules = (
			);
			dependencies = (
			);
			name = "Timetonics Book";
			productName = "Timetonics Book";
			productReference = B3DDBD932B5E3D4D00782608 /* Timetonics Book.app */;
			productType = "com.apple.product-type.application";
		};
/* End PBXNativeTarget section */

/* Begin PBXProject section */
		B3DDBD8B2B5E3D4D00782608 /* Project object */ = {
			isa = PBXProject;
			attributes = {
				BuildIndependentTargetsInParallel = 1;
				LastSwiftUpdateCheck = 1520;
				LastUpgradeCheck = 1520;
				TargetAttributes = {
					B3DDBD922B5E3D4D00782608 = {
						CreatedOnToolsVersion = 15.2;
					};
				};
			};
			buildConfigurationList = B3DDBD8E2B5E3D4D00782608 /* Build configuration list for PBXProject "Timetonics Book" */;
			compatibilityVersion = "Xcode 14.0";
			developmentRegion = en;
			hasScannedForEncodings = 0;
			knownRegions = (
				en,
				Base,
			);
			mainGroup = B3DDBD8A2B5E3D4D00782608;
			productRefGroup = B3DDBD942B5E3D4D00782608 /* Products */;
			projectDirPath = "";
			projectRoot = "";
			targets = (
				B3DDBD922B5E3D4D00782608 /* Timetonics Book */,
			);
		};
/* End PBXProject section */

/* Begin PBXResourcesBuildPhase section */
		B3DDBD912B5E3D4D00782608 /* Resources */ = {
			isa = PBXResourcesBuildPhase;
			buildActionMask = 2147483647;
			files = (
				B3DDBD9E2B5E3D4F00782608 /* Preview Assets.xcassets in Resources */,
				B3DDBD9B2B5E3D4F00782608 /* Assets.xcassets in Resources */,
			);
			runOnlyForDeploymentPostprocessing = 0;
		};
/* End PBXResourcesBuildPhase section */

/* Begin PBXSourcesBuildPhase section */
		B3DDBD8F2B5E3D4D00782608 /* Sources */ = {
			isa = PBXSourcesBuildPhase;
			buildActionMask = 2147483647;
			files = (
				B3DDBDA82B5E41AF00782608 /* LoginView.swift in Sources */,
				B3DDBD992B5E3D4D00782608 /* ContentView.swift in Sources */,
				B3DDBDAB2B5E444100782608 /* Datasource.swift in Sources */,
				B3DDBD972B5E3D4D00782608 /* Timetonics_BookApp.swift in Sources */,
			);
			runOnlyForDeploymentPostprocessing = 0;
		};
/* End PBXSourcesBuildPhase section */

/* Begin XCBuildConfiguration section */
		B3DDBD9F2B5E3D4F00782608 /* Debug */ = {
			isa = XCBuildConfiguration;
			buildSettings = {
				ALWAYS_SEARCH_USER_PATHS = NO;
				ASSETCATALOG_COMPILER_GENERATE_SWIFT_ASSET_SYMBOL_EXTENSIONS = YES;
				CLANG_ANALYZER_NONNULL = YES;
				CLANG_ANALYZER_NUMBER_OBJECT_CONVERSION = YES_AGGRESSIVE;
				CLANG_CXX_LANGUAGE_STANDARD = "gnu++20";
				CLANG_ENABLE_MODULES = YES;
				CLANG_ENABLE_OBJC_ARC = YES;
				CLANG_ENABLE_OBJC_WEAK = YES;
				CLANG_WARN_BLOCK_CAPTURE_AUTORELEASING = YES;
				CLANG_WARN_BOOL_CONVERSION = YES;
				CLANG_WARN_COMMA = YES;
				CLANG_WARN_CONSTANT_CONVERSION = YES;
				CLANG_WARN_DEPRECATED_OBJC_IMPLEMENTATIONS = YES;
				CLANG_WARN_DIRECT_OBJC_ISA_USAGE = YES_ERROR;
				CLANG_WARN_DOCUMENTATION_COMMENTS = YES;
				CLANG_WARN_EMPTY_BODY = YES;
				CLANG_WARN_ENUM_CONVERSION = YES;
				CLANG_WARN_INFINITE_RECURSION = YES;
				CLANG_WARN_INT_CONVERSION = YES;
				CLANG_WARN_NON_LITERAL_NULL_CONVERSION = YES;
				CLANG_WARN_OBJC_IMPLICIT_RETAIN_SELF = YES;
				CLANG_WARN_OBJC_LITERAL_CONVERSION = YES;
				CLANG_WARN_OBJC_ROOT_CLASS = YES_ERROR;
				CLANG_WARN_QUOTED_INCLUDE_IN_FRAMEWORK_HEADER = YES;
				CLANG_WARN_RANGE_LOOP_ANALYSIS = YES;
				CLANG_WARN_STRICT_PROTOTYPES = YES;
				CLANG_WARN_SUSPICIOUS_MOVE = YES;
				CLANG_WARN_UNGUARDED_AVAILABILITY = YES_AGGRESSIVE;
				CLANG_WARN_UNREACHABLE_CODE = YES;
				CLANG_WARN__DUPLICATE_METHOD_MATCH = YES;
				COPY_PHASE_STRIP = NO;
				DEBUG_INFORMATION_FORMAT = dwarf;
				ENABLE_STRICT_OBJC_MSGSEND = YES;
				ENABLE_TESTABILITY = YES;
				ENABLE_USER_SCRIPT_SANDBOXING = YES;
				GCC_C_LANGUAGE_STANDARD = gnu17;
				GCC_DYNAMIC_NO_PIC = NO;
				GCC_NO_COMMON_BLOCKS = YES;
				GCC_OPTIMIZATION_LEVEL = 0;
				GCC_PREPROCESSOR_DEFINITIONS = (
					"DEBUG=1",
					"$(inherited)",
				);
				GCC_WARN_64_TO_32_BIT_CONVERSION = YES;
				GCC_WARN_ABOUT_RETURN_TYPE = YES_ERROR;
				GCC_WARN_UNDECLARED_SELECTOR = YES;
				GCC_WARN_UNINITIALIZED_AUTOS = YES_AGGRESSIVE;
				GCC_WARN_UNUSED_FUNCTION = YES;
				GCC_WARN_UNUSED_VARIABLE = YES;
				IPHONEOS_DEPLOYMENT_TARGET = 17.2;
				LOCALIZATION_PREFERS_STRING_CATALOGS = YES;
				MTL_ENABLE_DEBUG_INFO = INCLUDE_SOURCE;
				MTL_FAST_MATH = YES;
				ONLY_ACTIVE_ARCH = YES;
				SDKROOT = iphoneos;
				SWIFT_ACTIVE_COMPILATION_CONDITIONS = "DEBUG $(inherited)";
				SWIFT_OPTIMIZATION_LEVEL = "-Onone";
			};
			name = Debug;
		};
		B3DDBDA02B5E3D4F00782608 /* Release */ = {
			isa = XCBuildConfiguration;
			buildSettings = {
				ALWAYS_SEARCH_USER_PATHS = NO;
				ASSETCATALOG_COMPILER_GENERATE_SWIFT_ASSET_SYMBOL_EXTENSIONS = YES;
				CLANG_ANALYZER_NONNULL = YES;
				CLANG_ANALYZER_NUMBER_OBJECT_CONVERSION = YES_AGGRESSIVE;
				CLANG_CXX_LANGUAGE_STANDARD = "gnu++20";
				CLANG_ENABLE_MODULES = YES;
				CLANG_ENABLE_OBJC_ARC = YES;
				CLANG_ENABLE_OBJC_WEAK = YES;
				CLANG_WARN_BLOCK_CAPTURE_AUTORELEASING = YES;
				CLANG_WARN_BOOL_CONVERSION = YES;
				CLANG_WARN_COMMA = YES;
				CLANG_WARN_CONSTANT_CONVERSION = YES;
				CLANG_WARN_DEPRECATED_OBJC_IMPLEMENTATIONS = YES;
				CLANG_WARN_DIRECT_OBJC_ISA_USAGE = YES_ERROR;
				CLANG_WARN_DOCUMENTATION_COMMENTS = YES;
				CLANG_WARN_EMPTY_BODY = YES;
				CLANG_WARN_ENUM_CONVERSION = YES;
				CLANG_WARN_INFINITE_RECURSION = YES;
				CLANG_WARN_INT_CONVERSION = YES;
				CLANG_WARN_NON_LITERAL_NULL_CONVERSION = YES;
				CLANG_WARN_OBJC_IMPLICIT_RETAIN_SELF = YES;
				CLANG_WARN_OBJC_LITERAL_CONVERSION = YES;
				CLANG_WARN_OBJC_ROOT_CLASS = YES_ERROR;
				CLANG_WARN_QUOTED_INCLUDE_IN_FRAMEWORK_HEADER = YES;
				CLANG_WARN_RANGE_LOOP_ANALYSIS = YES;
				CLANG_WARN_STRICT_PROTOTYPES = YES;
				CLANG_WARN_SUSPICIOUS_MOVE = YES;
				CLANG_WARN_UNGUARDED_AVAILABILITY = YES_AGGRESSIVE;
				CLANG_WARN_UNREACHABLE_CODE = YES;
				CLANG_WARN__DUPLICATE_METHOD_MATCH = YES;
				COPY_PHASE_STRIP = NO;
				DEBUG_INFORMATION_FORMAT = "dwarf-with-dsym";
				ENABLE_NS_ASSERTIONS = NO;
				ENABLE_STRICT_OBJC_MSGSEND = YES;
				ENABLE_USER_SCRIPT_SANDBOXING = YES;
				GCC_C_LANGUAGE_STANDARD = gnu17;
				GCC_NO_COMMON_BLOCKS = YES;
				GCC_WARN_64_TO_32_BIT_CONVERSION = YES;
				GCC_WARN_ABOUT_RETURN_TYPE = YES_ERROR;
				GCC_WARN_UNDECLARED_SELECTOR = YES;
				GCC_WARN_UNINITIALIZED_AUTOS = YES_AGGRESSIVE;
				GCC_WARN_UNUSED_FUNCTION = YES;
				GCC_WARN_UNUSED_VARIABLE = YES;
				IPHONEOS_DEPLOYMENT_TARGET = 17.2;
				LOCALIZATION_PREFERS_STRING_CATALOGS = YES;
				MTL_ENABLE_DEBUG_INFO = NO;
				MTL_FAST_MATH = YES;
				SDKROOT = iphoneos;
				SWIFT_COMPILATION_MODE = wholemodule;
				VALIDATE_PRODUCT = YES;
			};
			name = Release;
		};
		B3DDBDA22B5E3D4F00782608 /* Debug */ = {
			isa = XCBuildConfiguration;
			buildSettings = {
				ASSETCATALOG_COMPILER_APPICON_NAME = AppIcon;
				ASSETCATALOG_COMPILER_GLOBAL_ACCENT_COLOR_NAME = AccentColor;
				CODE_SIGN_STYLE = Automatic;
				CURRENT_PROJECT_VERSION = 1;
				DEVELOPMENT_ASSET_PATHS = "\"Timetonics Book/Preview Content\"";
				DEVELOPMENT_TEAM = DFGF3RJ9TV;
				ENABLE_PREVIEWS = YES;
				GENERATE_INFOPLIST_FILE = YES;
				INFOPLIST_KEY_UIApplicationSceneManifest_Generation = YES;
				INFOPLIST_KEY_UIApplicationSupportsIndirectInputEvents = YES;
				INFOPLIST_KEY_UILaunchScreen_Generation = YES;
				INFOPLIST_KEY_UISupportedInterfaceOrientations_iPad = "UIInterfaceOrientationPortrait UIInterfaceOrientationPortraitUpsideDown UIInterfaceOrientationLandscapeLeft UIInterfaceOrientationLandscapeRight";
				INFOPLIST_KEY_UISupportedInterfaceOrientations_iPhone = "UIInterfaceOrientationPortrait UIInterfaceOrientationLandscapeLeft UIInterfaceOrientationLandscapeRight";
				LD_RUNPATH_SEARCH_PATHS = (
					"$(inherited)",
					"@executable_path/Frameworks",
				);
				MARKETING_VERSION = 1.0;
				PRODUCT_BUNDLE_IDENTIFIER = "com.hexalsoft.Timetonics-Book";
				PRODUCT_NAME = "$(TARGET_NAME)";
				SWIFT_EMIT_LOC_STRINGS = YES;
				SWIFT_VERSION = 5.0;
				TARGETED_DEVICE_FAMILY = "1,2";
			};
			name = Debug;
		};
		B3DDBDA32B5E3D4F00782608 /* Release */ = {
			isa = XCBuildConfiguration;
			buildSettings = {
				ASSETCATALOG_COMPILER_APPICON_NAME = AppIcon;
				ASSETCATALOG_COMPILER_GLOBAL_ACCENT_COLOR_NAME = AccentColor;
				CODE_SIGN_STYLE = Automatic;
				CURRENT_PROJECT_VERSION = 1;
				DEVELOPMENT_ASSET_PATHS = "\"Timetonics Book/Preview Content\"";
				DEVELOPMENT_TEAM = DFGF3RJ9TV;
				ENABLE_PREVIEWS = YES;
				GENERATE_INFOPLIST_FILE = YES;
				INFOPLIST_KEY_UIApplicationSceneManifest_Generation = YES;
				INFOPLIST_KEY_UIApplicationSupportsIndirectInputEvents = YES;
				INFOPLIST_KEY_UILaunchScreen_Generation = YES;
				INFOPLIST_KEY_UISupportedInterfaceOrientations_iPad = "UIInterfaceOrientationPortrait UIInterfaceOrientationPortraitUpsideDown UIInterfaceOrientationLandscapeLeft UIInterfaceOrientationLandscapeRight";
				INFOPLIST_KEY_UISupportedInterfaceOrientations_iPhone = "UIInterfaceOrientationPortrait UIInterfaceOrientationLandscapeLeft UIInterfaceOrientationLandscapeRight";
				LD_RUNPATH_SEARCH_PATHS = (
					"$(inherited)",
					"@executable_path/Frameworks",
				);
				MARKETING_VERSION = 1.0;
				PRODUCT_BUNDLE_IDENTIFIER = "com.hexalsoft.Timetonics-Book";
				PRODUCT_NAME = "$(TARGET_NAME)";
				SWIFT_EMIT_LOC_STRINGS = YES;
				SWIFT_VERSION = 5.0;
				TARGETED_DEVICE_FAMILY = "1,2";
			};
			name = Release;
		};
/* End XCBuildConfiguration section */

/* Begin XCConfigurationList section */
		B3DDBD8E2B5E3D4D00782608 /* Build configuration list for PBXProject "Timetonics Book" */ = {
			isa = XCConfigurationList;
			buildConfigurations = (
				B3DDBD9F2B5E3D4F00782608 /* Debug */,
				B3DDBDA02B5E3D4F00782608 /* Release */,
			);
			defaultConfigurationIsVisible = 0;
			defaultConfigurationName = Release;
		};
		B3DDBDA12B5E3D4F00782608 /* Build configuration list for PBXNativeTarget "Timetonics Book" */ = {
			isa = XCConfigurationList;
			buildConfigurations = (
				B3DDBDA22B5E3D4F00782608 /* Debug */,
				B3DDBDA32B5E3D4F00782608 /* Release */,
			);
			defaultConfigurationIsVisible = 0;
			defaultConfigurationName = Release;
		};
/* End XCConfigurationList section */
	};
	rootObject = B3DDBD8B2B5E3D4D00782608 /* Project object */;
}
